
Microsoft Visual Studio Solution File, Format Version 12.00
# Visual Studio Version 17
VisualStudioVersion = 17.14.36603.0 d17.14
MinimumVisualStudioVersion = 10.0.40219.1
Project("{FAE04EC0-301F-11D3-BF4B-00C04F79EFBC}") = "AVM.Core", "AVM.Core\AVM.Core.csproj", "{A87D649B-3995-4B33-BE35-AEC80E0557D5}"
EndProject
Project("{FAE04EC0-301F-11D3-BF4B-00C04F79EFBC}") = "AVM.DataAccess", "AVM.DataAccess\AVM.DataAccess.csproj", "{71686BA1-5E99-4101-8035-FF77D7180E33}"
EndProject
Project("{FAE04EC0-301F-11D3-BF4B-00C04F79EFBC}") = "AVM.Business", "AVM.Business\AVM.Business.csproj", "{87DD690E-5BCC-46F5-BFBC-510C0FC1A57C}"
EndProject
Project("{FAE04EC0-301F-11D3-BF4B-00C04F79EFBC}") = "AVM.UI", "AVM.UI\AVM.UI.csproj", "{08BD1A3C-2A3F-4209-AEED-8EED929CEC96}"
EndProject
Global
	GlobalSection(SolutionConfigurationPlatforms) = preSolution
		Debug|Any CPU = Debug|Any CPU
		Release|Any CPU = Release|Any CPU
	EndGlobalSection
	GlobalSection(ProjectConfigurationPlatforms) = postSolution
		{A87D649B-3995-4B33-BE35-AEC80E0557D5}.Debug|Any CPU.ActiveCfg = Debug|Any CPU
		{A87D649B-3995-4B33-BE35-AEC80E0557D5}.Debug|Any CPU.Build.0 = Debug|Any CPU
		{A87D649B-3995-4B33-BE35-AEC80E0557D5}.Release|Any CPU.ActiveCfg = Release|Any CPU
		{A87D649B-3995-4B33-BE35-AEC80E0557D5}.Release|Any CPU.Build.0 = Release|Any CPU
		{71686BA1-5E99-4101-8035-FF77D7180E33}.Debug|Any CPU.ActiveCfg = Debug|Any CPU
		{71686BA1-5E99-4101-8035-FF77D7180E33}.Debug|Any CPU.Build.0 = Debug|Any CPU
		{71686BA1-5E99-4101-8035-FF77D7180E33}.Release|Any CPU.ActiveCfg = Release|Any CPU
		{71686BA1-5E99-4101-8035-FF77D7180E33}.Release|Any CPU.Build.0 = Release|Any CPU
		{87DD690E-5BCC-46F5-BFBC-510C0FC1A57C}.Debug|Any CPU.ActiveCfg = Debug|Any CPU
		{87DD690E-5BCC-46F5-BFBC-510C0FC1A57C}.Debug|Any CPU.Build.0 = Debug|Any CPU
		{87DD690E-5BCC-46F5-BFBC-510C0FC1A57C}.Release|Any CPU.ActiveCfg = Release|Any CPU
		{87DD690E-5BCC-46F5-BFBC-510C0FC1A57C}.Release|Any CPU.Build.0 = Release|Any CPU
		{08BD1A3C-2A3F-4209-AEED-8EED929CEC96}.Debug|Any CPU.ActiveCfg = Debug|Any CPU
		{08BD1A3C-2A3F-4209-AEED-8EED929CEC96}.Debug|Any CPU.Build.0 = Debug|Any CPU
		{08BD1A3C-2A3F-4209-AEED-8EED929CEC96}.Release|Any CPU.ActiveCfg = Release|Any CPU
		{08BD1A3C-2A3F-4209-AEED-8EED929CEC96}.Release|Any CPU.Build.0 = Release|Any CPU
	EndGlobalSection
	GlobalSection(SolutionProperties) = preSolution
		HideSolutionNode = FALSE
	EndGlobalSection
	GlobalSection(ExtensibilityGlobals) = postSolution
		SolutionGuid = {22C72D97-FF1A-4E14-A7F4-622E853F9D91}
	EndGlobalSection
EndGlobal
